
Microsoft Visual Studio Solution File, Format Version 12.00
# Visual Studio Version 17
VisualStudioVersion = 17.1.32104.313
MinimumVisualStudioVersion = 10.0.40219.1
Project("{9A19103F-16F7-4668-BE54-9A1E7A4F7556}") = "OfflineChat", "OfflineChat\OfflineChat.csproj", "{FC31DA9C-A249-41F8-891A-E432B3831887}"
EndProject
Global
	GlobalSection(SolutionConfigurationPlatforms) = preSolution
		Debug|Any CPU = Debug|Any CPU
		Release|Any CPU = Release|Any CPU
	EndGlobalSection
	GlobalSection(ProjectConfigurationPlatforms) = postSolution
		{FC31DA9C-A249-41F8-891A-E432B3831887}.Debug|Any CPU.ActiveCfg = Debug|Any CPU
		{FC31DA9C-A249-41F8-891A-E432B3831887}.Debug|Any CPU.Build.0 = Debug|Any CPU
		{FC31DA9C-A249-41F8-891A-E432B3831887}.Release|Any CPU.ActiveCfg = Release|Any CPU
		{FC31DA9C-A249-41F8-891A-E432B3831887}.Release|Any CPU.Build.0 = Release|Any CPU
	EndGlobalSection
	GlobalSection(SolutionProperties) = preSolution
		HideSolutionNode = FALSE
	EndGlobalSection
	GlobalSection(ExtensibilityGlobals) = postSolution
		SolutionGuid = {9F4381E7-97AB-4357-878E-20ADD288573E}
	EndGlobalSection
EndGlobal
